
Microsoft Visual Studio Solution File, Format Version 12.00
# Visual Studio 15
VisualStudioVersion = 15.0.27703.2047
MinimumVisualStudioVersion = 10.0.40219.1
Project("{9A19103F-16F7-4668-BE54-9A1E7A4F7556}") = "CYJ.DingDing.Service.Http", "Service\CYJ.DingDing.Service.Http\CYJ.DingDing.Service.Http.csproj", "{84905441-87A4-4D0B-BE4A-678D95C2D302}"
EndProject
Project("{2150E333-8FDC-42A3-9474-1A3956D46DE8}") = "01.Service", "01.Service", "{F51FD7F8-97C3-445C-A5AC-2008DE22152E}"
EndProject
Project("{2150E333-8FDC-42A3-9474-1A3956D46DE8}") = "03.Application", "03.Application", "{32442136-5DCB-4F45-BAC7-56860983B8C2}"
EndProject
Project("{2150E333-8FDC-42A3-9474-1A3956D46DE8}") = "04.Domain", "04.Domain", "{B97D03A4-5144-474D-B1AC-BF2193854A10}"
EndProject
Project("{2150E333-8FDC-42A3-9474-1A3956D46DE8}") = "05.Infrastructure", "05.Infrastructure", "{CFBB0E1F-4DF9-4EBA-BD4C-22D4E9FA71AE}"
EndProject
Project("{2150E333-8FDC-42A3-9474-1A3956D46DE8}") = "10.Test", "10.Test", "{6937B42C-6EB4-46DE-96F7-CB59C5FD0997}"
EndProject
Project("{9A19103F-16F7-4668-BE54-9A1E7A4F7556}") = "CYJ.DingDing.Application", "Application\CYJ.DingDing.Application\CYJ.DingDing.Application.csproj", "{02508E3A-6756-49CA-8368-553E59B312D7}"
EndProject
Project("{9A19103F-16F7-4668-BE54-9A1E7A4F7556}") = "CYJ.DingDing.Domain", "Domain\CYJ.DingDing.Domain\CYJ.DingDing.Domain.csproj", "{FBCAA307-3BB2-468A-8A6B-7875B1112EE9}"
EndProject
Project("{9A19103F-16F7-4668-BE54-9A1E7A4F7556}") = "CYJ.DingDing.Infrastructure.BoundedContext", "Infrastructure\CYJ.DingDing.Infrastructure.BoundedContext\CYJ.DingDing.Infrastructure.BoundedContext.csproj", "{F63C8050-37C6-411A-8619-66EA77CC1246}"
EndProject
Project("{9A19103F-16F7-4668-BE54-9A1E7A4F7556}") = "CYJ.DingDing.Infrastructure.Migration", "Infrastructure\CYJ.DingDing.Infrastructure.Migration\CYJ.DingDing.Infrastructure.Migration.csproj", "{62F19714-BAAE-4235-8E44-C3A8E8F6C4BC}"
EndProject
Project("{2150E333-8FDC-42A3-9474-1A3956D46DE8}") = "02.Api", "02.Api", "{3DF0055A-5F60-4C55-AE2F-049172F18A1C}"
EndProject
Project("{9A19103F-16F7-4668-BE54-9A1E7A4F7556}") = "CYJ.DingDing.Infrastructure.Config", "Infrastructure\CYJ.DingDing.Infrastructure.Config\CYJ.DingDing.Infrastructure.Config.csproj", "{A5BCB434-1277-4195-88D6-F22DC2085B8D}"
EndProject
Project("{2150E333-8FDC-42A3-9474-1A3956D46DE8}") = "06.Proxy", "06.Proxy", "{332C5479-A234-4E35-BAE3-0EBF9ACEF518}"
EndProject
Project("{9A19103F-16F7-4668-BE54-9A1E7A4F7556}") = "CYJ.DingDing.Dto", "Proxy\CYJ.DingDing.Dto\CYJ.DingDing.Dto.csproj", "{AADEFD3A-2832-4C91-9DD7-2E6462B40BC8}"
EndProject
Project("{9A19103F-16F7-4668-BE54-9A1E7A4F7556}") = "CYJ.DingDing.Api", "Api\CYJ.DingDing.Api\CYJ.DingDing.Api.csproj", "{31845111-780F-49D6-8791-D9D9949F6ED8}"
EndProject
Project("{9A19103F-16F7-4668-BE54-9A1E7A4F7556}") = "CYJ.DingDing.Infrastructure.Log", "Infrastructure\CYJ.DingDing.Infrastructure.Log\CYJ.DingDing.Infrastructure.Log.csproj", "{F368CBA2-4DAE-4BC6-99A1-21A3263DB5FB}"
EndProject
Project("{9A19103F-16F7-4668-BE54-9A1E7A4F7556}") = "CYJ.DingDing.Infrastructure.Exception", "Infrastructure\CYJ.DingDing.Infrastructure.Exception\CYJ.DingDing.Infrastructure.Exception.csproj", "{9C584252-7254-4971-B1CB-5DE2BD3CE8FA}"
EndProject
Project("{9A19103F-16F7-4668-BE54-9A1E7A4F7556}") = "CYJ.DingDing.Infrastructure.Treasury", "Infrastructure\CYJ.DingDing.Infrastructure.Treasury\CYJ.DingDing.Infrastructure.Treasury.csproj", "{5AED6FCF-505D-4E99-A980-920D0051C004}"
EndProject
Project("{9A19103F-16F7-4668-BE54-9A1E7A4F7556}") = "CYJ.DingDing.Sdks", "Api\CYJ.DingDing.Sdks\CYJ.DingDing.Sdks.csproj", "{C4D9E93A-24B6-40DC-B49C-A50267B3B1F4}"
EndProject
Project("{2150E333-8FDC-42A3-9474-1A3956D46DE8}") = "00.BaseFrame", "00.BaseFrame", "{BEFD712B-ABEE-4DF9-ABEA-ACAEA7708F73}"
EndProject
Project("{9A19103F-16F7-4668-BE54-9A1E7A4F7556}") = "CYJ.Base.Infrastructure.Ioc", "BaseFrame\CYJ.Base.Infrastructure.Ioc\CYJ.Base.Infrastructure.Ioc.csproj", "{2FFB9B95-5387-4074-9F14-D576EE46AC6B}"
EndProject
Project("{9A19103F-16F7-4668-BE54-9A1E7A4F7556}") = "CYJ.Base.Service.Http", "BaseFrame\CYJ.Base.Service.Http\CYJ.Base.Service.Http.csproj", "{C8DFD9D3-ACAD-4232-AE1A-390EB98CBACE}"
EndProject
Project("{9A19103F-16F7-4668-BE54-9A1E7A4F7556}") = "CYJ.DingDing.Infrastructure.Cache", "Infrastructure\CYJ.DingDing.Infrastructure.Cache\CYJ.DingDing.Infrastructure.Cache.csproj", "{9239D857-FB75-4FDB-A31B-AF582B007AAD}"
EndProject
Project("{FAE04EC0-301F-11D3-BF4B-00C04F79EFBC}") = "CYJ.Utils.Extension", "BaseFrame\CYJ.Base.Infrastructure.Extension\CYJ.Utils.Extension.csproj", "{3869C740-A971-40B9-A0C9-3FEE331299AA}"
EndProject
Global
	GlobalSection(SolutionConfigurationPlatforms) = preSolution
		Debug|Any CPU = Debug|Any CPU
		Release|Any CPU = Release|Any CPU
	EndGlobalSection
	GlobalSection(ProjectConfigurationPlatforms) = postSolution
		{84905441-87A4-4D0B-BE4A-678D95C2D302}.Debug|Any CPU.ActiveCfg = Debug|Any CPU
		{84905441-87A4-4D0B-BE4A-678D95C2D302}.Debug|Any CPU.Build.0 = Debug|Any CPU
		{84905441-87A4-4D0B-BE4A-678D95C2D302}.Release|Any CPU.ActiveCfg = Release|Any CPU
		{84905441-87A4-4D0B-BE4A-678D95C2D302}.Release|Any CPU.Build.0 = Release|Any CPU
		{02508E3A-6756-49CA-8368-553E59B312D7}.Debug|Any CPU.ActiveCfg = Debug|Any CPU
		{02508E3A-6756-49CA-8368-553E59B312D7}.Debug|Any CPU.Build.0 = Debug|Any CPU
		{02508E3A-6756-49CA-8368-553E59B312D7}.Release|Any CPU.ActiveCfg = Release|Any CPU
		{02508E3A-6756-49CA-8368-553E59B312D7}.Release|Any CPU.Build.0 = Release|Any CPU
		{FBCAA307-3BB2-468A-8A6B-7875B1112EE9}.Debug|Any CPU.ActiveCfg = Debug|Any CPU
		{FBCAA307-3BB2-468A-8A6B-7875B1112EE9}.Debug|Any CPU.Build.0 = Debug|Any CPU
		{FBCAA307-3BB2-468A-8A6B-7875B1112EE9}.Release|Any CPU.ActiveCfg = Release|Any CPU
		{FBCAA307-3BB2-468A-8A6B-7875B1112EE9}.Release|Any CPU.Build.0 = Release|Any CPU
		{F63C8050-37C6-411A-8619-66EA77CC1246}.Debug|Any CPU.ActiveCfg = Debug|Any CPU
		{F63C8050-37C6-411A-8619-66EA77CC1246}.Debug|Any CPU.Build.0 = Debug|Any CPU
		{F63C8050-37C6-411A-8619-66EA77CC1246}.Release|Any CPU.ActiveCfg = Release|Any CPU
		{F63C8050-37C6-411A-8619-66EA77CC1246}.Release|Any CPU.Build.0 = Release|Any CPU
		{62F19714-BAAE-4235-8E44-C3A8E8F6C4BC}.Debug|Any CPU.ActiveCfg = Debug|Any CPU
		{62F19714-BAAE-4235-8E44-C3A8E8F6C4BC}.Debug|Any CPU.Build.0 = Debug|Any CPU
		{62F19714-BAAE-4235-8E44-C3A8E8F6C4BC}.Release|Any CPU.ActiveCfg = Release|Any CPU
		{62F19714-BAAE-4235-8E44-C3A8E8F6C4BC}.Release|Any CPU.Build.0 = Release|Any CPU
		{A5BCB434-1277-4195-88D6-F22DC2085B8D}.Debug|Any CPU.ActiveCfg = Debug|Any CPU
		{A5BCB434-1277-4195-88D6-F22DC2085B8D}.Debug|Any CPU.Build.0 = Debug|Any CPU
		{A5BCB434-1277-4195-88D6-F22DC2085B8D}.Release|Any CPU.ActiveCfg = Release|Any CPU
		{A5BCB434-1277-4195-88D6-F22DC2085B8D}.Release|Any CPU.Build.0 = Release|Any CPU
		{AADEFD3A-2832-4C91-9DD7-2E6462B40BC8}.Debug|Any CPU.ActiveCfg = Debug|Any CPU
		{AADEFD3A-2832-4C91-9DD7-2E6462B40BC8}.Debug|Any CPU.Build.0 = Debug|Any CPU
		{AADEFD3A-2832-4C91-9DD7-2E6462B40BC8}.Release|Any CPU.ActiveCfg = Release|Any CPU
		{AADEFD3A-2832-4C91-9DD7-2E6462B40BC8}.Release|Any CPU.Build.0 = Release|Any CPU
		{31845111-780F-49D6-8791-D9D9949F6ED8}.Debug|Any CPU.ActiveCfg = Debug|Any CPU
		{31845111-780F-49D6-8791-D9D9949F6ED8}.Debug|Any CPU.Build.0 = Debug|Any CPU
		{31845111-780F-49D6-8791-D9D9949F6ED8}.Release|Any CPU.ActiveCfg = Release|Any CPU
		{31845111-780F-49D6-8791-D9D9949F6ED8}.Release|Any CPU.Build.0 = Release|Any CPU
		{F368CBA2-4DAE-4BC6-99A1-21A3263DB5FB}.Debug|Any CPU.ActiveCfg = Debug|Any CPU
		{F368CBA2-4DAE-4BC6-99A1-21A3263DB5FB}.Debug|Any CPU.Build.0 = Debug|Any CPU
		{F368CBA2-4DAE-4BC6-99A1-21A3263DB5FB}.Release|Any CPU.ActiveCfg = Release|Any CPU
		{F368CBA2-4DAE-4BC6-99A1-21A3263DB5FB}.Release|Any CPU.Build.0 = Release|Any CPU
		{9C584252-7254-4971-B1CB-5DE2BD3CE8FA}.Debug|Any CPU.ActiveCfg = Debug|Any CPU
		{9C584252-7254-4971-B1CB-5DE2BD3CE8FA}.Debug|Any CPU.Build.0 = Debug|Any CPU
		{9C584252-7254-4971-B1CB-5DE2BD3CE8FA}.Release|Any CPU.ActiveCfg = Release|Any CPU
		{9C584252-7254-4971-B1CB-5DE2BD3CE8FA}.Release|Any CPU.Build.0 = Release|Any CPU
		{5AED6FCF-505D-4E99-A980-920D0051C004}.Debug|Any CPU.ActiveCfg = Debug|Any CPU
		{5AED6FCF-505D-4E99-A980-920D0051C004}.Debug|Any CPU.Build.0 = Debug|Any CPU
		{5AED6FCF-505D-4E99-A980-920D0051C004}.Release|Any CPU.ActiveCfg = Release|Any CPU
		{5AED6FCF-505D-4E99-A980-920D0051C004}.Release|Any CPU.Build.0 = Release|Any CPU
		{C4D9E93A-24B6-40DC-B49C-A50267B3B1F4}.Debug|Any CPU.ActiveCfg = Debug|Any CPU
		{C4D9E93A-24B6-40DC-B49C-A50267B3B1F4}.Debug|Any CPU.Build.0 = Debug|Any CPU
		{C4D9E93A-24B6-40DC-B49C-A50267B3B1F4}.Release|Any CPU.ActiveCfg = Release|Any CPU
		{C4D9E93A-24B6-40DC-B49C-A50267B3B1F4}.Release|Any CPU.Build.0 = Release|Any CPU
		{2FFB9B95-5387-4074-9F14-D576EE46AC6B}.Debug|Any CPU.ActiveCfg = Debug|Any CPU
		{2FFB9B95-5387-4074-9F14-D576EE46AC6B}.Debug|Any CPU.Build.0 = Debug|Any CPU
		{2FFB9B95-5387-4074-9F14-D576EE46AC6B}.Release|Any CPU.ActiveCfg = Release|Any CPU
		{2FFB9B95-5387-4074-9F14-D576EE46AC6B}.Release|Any CPU.Build.0 = Release|Any CPU
		{C8DFD9D3-ACAD-4232-AE1A-390EB98CBACE}.Debug|Any CPU.ActiveCfg = Debug|Any CPU
		{C8DFD9D3-ACAD-4232-AE1A-390EB98CBACE}.Debug|Any CPU.Build.0 = Debug|Any CPU
		{C8DFD9D3-ACAD-4232-AE1A-390EB98CBACE}.Release|Any CPU.ActiveCfg = Release|Any CPU
		{C8DFD9D3-ACAD-4232-AE1A-390EB98CBACE}.Release|Any CPU.Build.0 = Release|Any CPU
		{9239D857-FB75-4FDB-A31B-AF582B007AAD}.Debug|Any CPU.ActiveCfg = Debug|Any CPU
		{9239D857-FB75-4FDB-A31B-AF582B007AAD}.Debug|Any CPU.Build.0 = Debug|Any CPU
		{9239D857-FB75-4FDB-A31B-AF582B007AAD}.Release|Any CPU.ActiveCfg = Release|Any CPU
		{9239D857-FB75-4FDB-A31B-AF582B007AAD}.Release|Any CPU.Build.0 = Release|Any CPU
		{3869C740-A971-40B9-A0C9-3FEE331299AA}.Debug|Any CPU.ActiveCfg = Debug|Any CPU
		{3869C740-A971-40B9-A0C9-3FEE331299AA}.Debug|Any CPU.Build.0 = Debug|Any CPU
		{3869C740-A971-40B9-A0C9-3FEE331299AA}.Release|Any CPU.ActiveCfg = Release|Any CPU
		{3869C740-A971-40B9-A0C9-3FEE331299AA}.Release|Any CPU.Build.0 = Release|Any CPU
	EndGlobalSection
	GlobalSection(SolutionProperties) = preSolution
		HideSolutionNode = FALSE
	EndGlobalSection
	GlobalSection(NestedProjects) = preSolution
		{84905441-87A4-4D0B-BE4A-678D95C2D302} = {F51FD7F8-97C3-445C-A5AC-2008DE22152E}
		{02508E3A-6756-49CA-8368-553E59B312D7} = {32442136-5DCB-4F45-BAC7-56860983B8C2}
		{FBCAA307-3BB2-468A-8A6B-7875B1112EE9} = {B97D03A4-5144-474D-B1AC-BF2193854A10}
		{F63C8050-37C6-411A-8619-66EA77CC1246} = {CFBB0E1F-4DF9-4EBA-BD4C-22D4E9FA71AE}
		{62F19714-BAAE-4235-8E44-C3A8E8F6C4BC} = {CFBB0E1F-4DF9-4EBA-BD4C-22D4E9FA71AE}
		{A5BCB434-1277-4195-88D6-F22DC2085B8D} = {CFBB0E1F-4DF9-4EBA-BD4C-22D4E9FA71AE}
		{AADEFD3A-2832-4C91-9DD7-2E6462B40BC8} = {332C5479-A234-4E35-BAE3-0EBF9ACEF518}
		{31845111-780F-49D6-8791-D9D9949F6ED8} = {3DF0055A-5F60-4C55-AE2F-049172F18A1C}
		{F368CBA2-4DAE-4BC6-99A1-21A3263DB5FB} = {CFBB0E1F-4DF9-4EBA-BD4C-22D4E9FA71AE}
		{9C584252-7254-4971-B1CB-5DE2BD3CE8FA} = {CFBB0E1F-4DF9-4EBA-BD4C-22D4E9FA71AE}
		{5AED6FCF-505D-4E99-A980-920D0051C004} = {CFBB0E1F-4DF9-4EBA-BD4C-22D4E9FA71AE}
		{C4D9E93A-24B6-40DC-B49C-A50267B3B1F4} = {3DF0055A-5F60-4C55-AE2F-049172F18A1C}
		{2FFB9B95-5387-4074-9F14-D576EE46AC6B} = {BEFD712B-ABEE-4DF9-ABEA-ACAEA7708F73}
		{C8DFD9D3-ACAD-4232-AE1A-390EB98CBACE} = {BEFD712B-ABEE-4DF9-ABEA-ACAEA7708F73}
		{9239D857-FB75-4FDB-A31B-AF582B007AAD} = {CFBB0E1F-4DF9-4EBA-BD4C-22D4E9FA71AE}
		{3869C740-A971-40B9-A0C9-3FEE331299AA} = {BEFD712B-ABEE-4DF9-ABEA-ACAEA7708F73}
	EndGlobalSection
	GlobalSection(ExtensibilityGlobals) = postSolution
		SolutionGuid = {88C9A7F7-98D4-4F7B-B6A4-05FE16AFC364}
	EndGlobalSection
EndGlobal
